{
  "version": 4,
  "terraform_version": "1.5.7",
  "serial": 16,
  "lineage": "3a0e5cd0-7e81-7277-d1e0-93d30ab06454",
  "outputs": {},
  "resources": [
    {
      "module": "module.pubsub_ingestion",
      "mode": "managed",
      "type": "google_pubsub_subscription",
      "name": "name",
      "provider": "provider[\"registry.terraform.io/hashicorp/google\"]",
      "instances": [
        {
          "schema_version": 0,
          "attributes": {
            "ack_deadline_seconds": 20,
            "bigquery_config": [],
            "cloud_storage_config": [],
            "dead_letter_policy": [],
            "effective_labels": {
              "env": "dev",
              "goog-terraform-provisioned": "true"
            },
            "enable_exactly_once_delivery": false,
            "enable_message_ordering": false,
            "expiration_policy": [
              {
                "ttl": "2678400s"
              }
            ],
            "filter": "",
            "id": "projects/dws-project-mar26/subscriptions/ingestion-sub-dev",
            "labels": {
              "env": "dev"
            },
            "message_retention_duration": "600s",
            "message_transforms": [],
            "name": "ingestion-sub-dev",
            "project": "dws-project-mar26",
            "push_config": [],
            "retain_acked_messages": false,
            "retry_policy": [],
            "tags": null,
            "terraform_labels": {
              "env": "dev",
              "goog-terraform-provisioned": "true"
            },
            "timeouts": null,
            "topic": "projects/dws-project-mar26/topics/ingestion-topic-dev"
          },
          "sensitive_attributes": [],
          "private": "eyJlMmJmYjczMC1lY2FhLTExZTYtOGY4OC0zNDM2M2JjN2M0YzAiOnsiY3JlYXRlIjoxMjAwMDAwMDAwMDAwLCJkZWxldGUiOjEyMDAwMDAwMDAwMDAsInVwZGF0ZSI6MTIwMDAwMDAwMDAwMH19",
          "dependencies": [
            "module.pubsub_ingestion.google_pubsub_topic.name"
          ]
        }
      ]
    },
    {
      "module": "module.pubsub_ingestion",
      "mode": "managed",
      "type": "google_pubsub_topic",
      "name": "name",
      "provider": "provider[\"registry.terraform.io/hashicorp/google\"]",
      "instances": [
        {
          "schema_version": 0,
          "attributes": {
            "effective_labels": {
              "env": "dev",
              "goog-terraform-provisioned": "true"
            },
            "id": "projects/dws-project-mar26/topics/ingestion-topic-dev",
            "ingestion_data_source_settings": [],
            "kms_key_name": "",
            "labels": {
              "env": "dev"
            },
            "message_retention_duration": "",
            "message_storage_policy": [],
            "message_transforms": [],
            "name": "ingestion-topic-dev",
            "project": "dws-project-mar26",
            "schema_settings": [],
            "tags": null,
            "terraform_labels": {
              "env": "dev",
              "goog-terraform-provisioned": "true"
            },
            "timeouts": null
          },
          "sensitive_attributes": [],
          "private": "eyJlMmJmYjczMC1lY2FhLTExZTYtOGY4OC0zNDM2M2JjN2M0YzAiOnsiY3JlYXRlIjoxMjAwMDAwMDAwMDAwLCJkZWxldGUiOjEyMDAwMDAwMDAwMDAsInVwZGF0ZSI6MTIwMDAwMDAwMDAwMH19"
        }
      ]
    },
    {
      "module": "module.warehouse",
      "mode": "managed",
      "type": "google_bigquery_dataset",
      "name": "dataset",
      "provider": "provider[\"registry.terraform.io/hashicorp/google\"]",
      "instances": [
        {
          "schema_version": 0,
          "attributes": {
            "access": [
              {
                "condition": [],
                "dataset": [],
                "domain": "",
                "group_by_email": "",
                "iam_member": "",
                "role": "OWNER",
                "routine": [],
                "special_group": "",
                "user_by_email": "github-actions-terraform@dws-project-mar26.iam.gserviceaccount.com",
                "view": []
              },
              {
                "condition": [],
                "dataset": [],
                "domain": "",
                "group_by_email": "",
                "iam_member": "",
                "role": "OWNER",
                "routine": [],
                "special_group": "projectOwners",
                "user_by_email": "",
                "view": []
              },
              {
                "condition": [],
                "dataset": [],
                "domain": "",
                "group_by_email": "",
                "iam_member": "",
                "role": "READER",
                "routine": [],
                "special_group": "projectReaders",
                "user_by_email": "",
                "view": []
              },
              {
                "condition": [],
                "dataset": [],
                "domain": "",
                "group_by_email": "",
                "iam_member": "",
                "role": "WRITER",
                "routine": [],
                "special_group": "projectWriters",
                "user_by_email": "",
                "view": []
              }
            ],
            "creation_time": 1774826914559,
            "dataset_id": "dws_dev_warehouse",
            "default_collation": "",
            "default_encryption_configuration": [],
            "default_partition_expiration_ms": 0,
            "default_table_expiration_ms": 0,
            "delete_contents_on_destroy": false,
            "description": "Warehouse for dev environment",
            "effective_labels": {
              "goog-terraform-provisioned": "true"
            },
            "etag": "fm0gHUv7Sg/if+Rr7X95lQ==",
            "external_catalog_dataset_options": [],
            "external_dataset_reference": [],
            "friendly_name": "",
            "id": "projects/dws-project-mar26/datasets/dws_dev_warehouse",
            "is_case_insensitive": false,
            "labels": {},
            "last_modified_time": 1774829013515,
            "location": "US",
            "max_time_travel_hours": "168",
            "project": "dws-project-mar26",
            "resource_tags": {},
            "self_link": "https://bigquery.googleapis.com/bigquery/v2/projects/dws-project-mar26/datasets/dws_dev_warehouse",
            "storage_billing_model": "",
            "terraform_labels": {
              "goog-terraform-provisioned": "true"
            },
            "timeouts": null
          },
          "sensitive_attributes": [],
          "private": "eyJlMmJmYjczMC1lY2FhLTExZTYtOGY4OC0zNDM2M2JjN2M0YzAiOnsiY3JlYXRlIjoxMjAwMDAwMDAwMDAwLCJkZWxldGUiOjEyMDAwMDAwMDAwMDAsInVwZGF0ZSI6MTIwMDAwMDAwMDAwMH19"
        }
      ]
    }
  ],
  "check_results": null
}
